
Microsoft Visual Studio Solution File, Format Version 12.00
Project("{FAE04EC0-301F-11D3-BF4B-00C04F79EFBC}") = "BattleTechModPathLinker", "BattleTechModPathLinker\BattleTechModPathLinker.csproj", "{DC98DE50-3925-43AD-859A-6935884B2974}"
EndProject
Global
	GlobalSection(SolutionConfigurationPlatforms) = preSolution
		Debug|Any CPU = Debug|Any CPU
		Release|Any CPU = Release|Any CPU
	EndGlobalSection
	GlobalSection(ProjectConfigurationPlatforms) = postSolution
		{DC98DE50-3925-43AD-859A-6935884B2974}.Debug|Any CPU.ActiveCfg = Debug|Any CPU
		{DC98DE50-3925-43AD-859A-6935884B2974}.Debug|Any CPU.Build.0 = Debug|Any CPU
		{DC98DE50-3925-43AD-859A-6935884B2974}.Release|Any CPU.ActiveCfg = Release|Any CPU
		{DC98DE50-3925-43AD-859A-6935884B2974}.Release|Any CPU.Build.0 = Release|Any CPU
	EndGlobalSection
EndGlobal
